
Microsoft Visual Studio Solution File, Format Version 12.00
# Visual Studio Version 17
VisualStudioVersion = 17.6.33815.320
MinimumVisualStudioVersion = 10.0.40219.1
Project("{FAE04EC0-301F-11D3-BF4B-00C04F79EFBC}") = "Chuong2", "Chuong2.csproj", "{DCC19B65-F1C9-4C87-886A-E4C8C26902B3}"
EndProject
Global
	GlobalSection(SolutionConfigurationPlatforms) = preSolution
		Debug|Any CPU = Debug|Any CPU
		Release|Any CPU = Release|Any CPU
	EndGlobalSection
	GlobalSection(ProjectConfigurationPlatforms) = postSolution
		{DCC19B65-F1C9-4C87-886A-E4C8C26902B3}.Debug|Any CPU.ActiveCfg = Debug|Any CPU
		{DCC19B65-F1C9-4C87-886A-E4C8C26902B3}.Debug|Any CPU.Build.0 = Debug|Any CPU
		{DCC19B65-F1C9-4C87-886A-E4C8C26902B3}.Release|Any CPU.ActiveCfg = Release|Any CPU
		{DCC19B65-F1C9-4C87-886A-E4C8C26902B3}.Release|Any CPU.Build.0 = Release|Any CPU
	EndGlobalSection
	GlobalSection(SolutionProperties) = preSolution
		HideSolutionNode = FALSE
	EndGlobalSection
	GlobalSection(ExtensibilityGlobals) = postSolution
		SolutionGuid = {E8EC6658-A1FD-48BB-91A8-3AC36D58671A}
	EndGlobalSection
EndGlobal
